// !$*UTF8*$!
{
	archiveVersion = 1;
	classes = {
	};
	objectVersion = 56;
	objects = {

/* Begin PBXBuildFile section */
		014431202A73883F00FA4DD5 /* CreateNewUserView.swift in Sources */ = {isa = PBXBuildFile; fileRef = 0144311F2A73883F00FA4DD5 /* CreateNewUserView.swift */; };
		014431222A73885500FA4DD5 /* CreateNewUserViewController.swift in Sources */ = {isa = PBXBuildFile; fileRef = 014431212A73885500FA4DD5 /* CreateNewUserViewController.swift */; };
		014431242A73885F00FA4DD5 /* CreateNewUserViewModel.swift in Sources */ = {isa = PBXBuildFile; fileRef = 014431232A73885F00FA4DD5 /* CreateNewUserViewModel.swift */; };
		014431282A739BD700FA4DD5 /* CreateNewUserRequest.swift in Sources */ = {isa = PBXBuildFile; fileRef = 014431272A739BD700FA4DD5 /* CreateNewUserRequest.swift */; };
		0171236D2A66C392002EE839 /* EmptyTableView.swift in Sources */ = {isa = PBXBuildFile; fileRef = 0171236C2A66C392002EE839 /* EmptyTableView.swift */; };
		01CB07262A73B47500F80667 /* AuthLoginRequest.swift in Sources */ = {isa = PBXBuildFile; fileRef = 01CB07252A73B47500F80667 /* AuthLoginRequest.swift */; };
		01CB07282A73CDCE00F80667 /* Endpoints.swift in Sources */ = {isa = PBXBuildFile; fileRef = 01CB07272A73CDCE00F80667 /* Endpoints.swift */; };
		01CB072B2A73D2B200F80667 /* ListCategoriesModel.swift in Sources */ = {isa = PBXBuildFile; fileRef = 01CB072A2A73D2B200F80667 /* ListCategoriesModel.swift */; };
		01CB072D2A74179500F80667 /* ListItemsCategory.swift in Sources */ = {isa = PBXBuildFile; fileRef = 01CB072C2A74179500F80667 /* ListItemsCategory.swift */; };
		85395E5E2A20CE2C005A6B55 /* ItemDataModel.swift in Sources */ = {isa = PBXBuildFile; fileRef = 85395E5D2A20CE2C005A6B55 /* ItemDataModel.swift */; };
		854A21B529D3FC5400B17653 /* AppDelegate.swift in Sources */ = {isa = PBXBuildFile; fileRef = 854A21B429D3FC5400B17653 /* AppDelegate.swift */; };
		854A21B729D3FC5400B17653 /* SceneDelegate.swift in Sources */ = {isa = PBXBuildFile; fileRef = 854A21B629D3FC5400B17653 /* SceneDelegate.swift */; };
		854A21B929D3FC5400B17653 /* LoginViewController.swift in Sources */ = {isa = PBXBuildFile; fileRef = 854A21B829D3FC5400B17653 /* LoginViewController.swift */; };
		854A21BF29D3FC5400B17653 /* SupermarketListApp.xcdatamodeld in Sources */ = {isa = PBXBuildFile; fileRef = 854A21BD29D3FC5400B17653 /* SupermarketListApp.xcdatamodeld */; };
		854A21C129D3FC5600B17653 /* Assets.xcassets in Resources */ = {isa = PBXBuildFile; fileRef = 854A21C029D3FC5600B17653 /* Assets.xcassets */; };
		854A21C429D3FC5600B17653 /* LaunchScreen.storyboard in Resources */ = {isa = PBXBuildFile; fileRef = 854A21C229D3FC5600B17653 /* LaunchScreen.storyboard */; };
		854A21CF29D3FC5600B17653 /* SupermarketListAppTests.swift in Sources */ = {isa = PBXBuildFile; fileRef = 854A21CE29D3FC5600B17653 /* SupermarketListAppTests.swift */; };
		854A21D929D3FC5600B17653 /* SupermarketListAppUITests.swift in Sources */ = {isa = PBXBuildFile; fileRef = 854A21D829D3FC5600B17653 /* SupermarketListAppUITests.swift */; };
		854A21DB29D3FC5600B17653 /* SupermarketListAppUITestsLaunchTests.swift in Sources */ = {isa = PBXBuildFile; fileRef = 854A21DA29D3FC5600B17653 /* SupermarketListAppUITestsLaunchTests.swift */; };
		854A21EA29D3FD1500B17653 /* BaseCoordinator.swift in Sources */ = {isa = PBXBuildFile; fileRef = 854A21E929D3FD1500B17653 /* BaseCoordinator.swift */; };
		854A21EC29D3FD3100B17653 /* Coordinator.swift in Sources */ = {isa = PBXBuildFile; fileRef = 854A21EB29D3FD3100B17653 /* Coordinator.swift */; };
		854A220129D3FE5800B17653 /* UIColor+Extension.swift in Sources */ = {isa = PBXBuildFile; fileRef = 854A21F229D3FE5800B17653 /* UIColor+Extension.swift */; };
		854A220229D3FE5800B17653 /* SMColor.swift in Sources */ = {isa = PBXBuildFile; fileRef = 854A21F329D3FE5800B17653 /* SMColor.swift */; };
		854A220329D3FE5800B17653 /* Extension+UIImageView.swift in Sources */ = {isa = PBXBuildFile; fileRef = 854A21F529D3FE5800B17653 /* Extension+UIImageView.swift */; };
		854A220429D3FE5800B17653 /* SMImage.swift in Sources */ = {isa = PBXBuildFile; fileRef = 854A21F629D3FE5800B17653 /* SMImage.swift */; };
		854A220529D3FE5800B17653 /* BaseTabBar.swift in Sources */ = {isa = PBXBuildFile; fileRef = 854A21F829D3FE5800B17653 /* BaseTabBar.swift */; };
		854A220629D3FE5800B17653 /* Service.swift in Sources */ = {isa = PBXBuildFile; fileRef = 854A21F929D3FE5800B17653 /* Service.swift */; };
		854A220729D3FE5800B17653 /* SMTextField.swift in Sources */ = {isa = PBXBuildFile; fileRef = 854A21FB29D3FE5800B17653 /* SMTextField.swift */; };
		854A220829D3FE5800B17653 /* UIViewController+Extension.swift in Sources */ = {isa = PBXBuildFile; fileRef = 854A21FC29D3FE5800B17653 /* UIViewController+Extension.swift */; };
		854A220929D3FE5800B17653 /* IdentifieCell.swift in Sources */ = {isa = PBXBuildFile; fileRef = 854A21FD29D3FE5800B17653 /* IdentifieCell.swift */; };
		854A220A29D3FE5800B17653 /* SMButton.swift in Sources */ = {isa = PBXBuildFile; fileRef = 854A21FF29D3FE5800B17653 /* SMButton.swift */; };
		854A220F29D3FF0500B17653 /* AccountCoordinator.swift in Sources */ = {isa = PBXBuildFile; fileRef = 854A220E29D3FF0500B17653 /* AccountCoordinator.swift */; };
		854A23502A035BE400BE3461 /* ShoppingListCoordinator.swift in Sources */ = {isa = PBXBuildFile; fileRef = 854A234F2A035BE400BE3461 /* ShoppingListCoordinator.swift */; };
		854A23522A035D4900BE3461 /* ShoppingListViewModel.swift in Sources */ = {isa = PBXBuildFile; fileRef = 854A23512A035D4900BE3461 /* ShoppingListViewModel.swift */; };
		854A23552A035E3800BE3461 /* CategoriesViewController.swift in Sources */ = {isa = PBXBuildFile; fileRef = 854A23542A035E3800BE3461 /* CategoriesViewController.swift */; };
		857144692A0290FB00B96C02 /* TabBarCoordinator.swift in Sources */ = {isa = PBXBuildFile; fileRef = 857144682A0290FB00B96C02 /* TabBarCoordinator.swift */; };
		8571446B2A02A5AD00B96C02 /* String+Extension.swift in Sources */ = {isa = PBXBuildFile; fileRef = 8571446A2A02A5AD00B96C02 /* String+Extension.swift */; };
		858E162B29D4609900E2DBDE /* LoginView.swift in Sources */ = {isa = PBXBuildFile; fileRef = 858E162A29D4609900E2DBDE /* LoginView.swift */; };
		858E162E29D46F8100E2DBDE /* LoginViewModel.swift in Sources */ = {isa = PBXBuildFile; fileRef = 858E162D29D46F8100E2DBDE /* LoginViewModel.swift */; };
		858E163429D4706A00E2DBDE /* HomeView.swift in Sources */ = {isa = PBXBuildFile; fileRef = 858E163329D4706A00E2DBDE /* HomeView.swift */; };
		858E163629D470D000E2DBDE /* HomeViewController.swift in Sources */ = {isa = PBXBuildFile; fileRef = 858E163529D470D000E2DBDE /* HomeViewController.swift */; };
		858E163829D4718000E2DBDE /* HomeCoordinator.swift in Sources */ = {isa = PBXBuildFile; fileRef = 858E163729D4718000E2DBDE /* HomeCoordinator.swift */; };
		858E163A29D4721100E2DBDE /* HomeViewModel.swift in Sources */ = {isa = PBXBuildFile; fileRef = 858E163929D4721100E2DBDE /* HomeViewModel.swift */; };
		85918A3C2A08A30E00905261 /* CategoriesCollectionViewCell.swift in Sources */ = {isa = PBXBuildFile; fileRef = 85918A3B2A08A30E00905261 /* CategoriesCollectionViewCell.swift */; };
		85918A3E2A0A170500905261 /* FavoriteCoordinator.swift in Sources */ = {isa = PBXBuildFile; fileRef = 85918A3D2A0A170500905261 /* FavoriteCoordinator.swift */; };
		85918A402A0A227600905261 /* ProfileCoordinator.swift in Sources */ = {isa = PBXBuildFile; fileRef = 85918A3F2A0A227600905261 /* ProfileCoordinator.swift */; };
		85918A452A1254A400905261 /* CategoryModel.swift in Sources */ = {isa = PBXBuildFile; fileRef = 85918A442A1254A400905261 /* CategoryModel.swift */; };
		85918A4B2A1255B400905261 /* ApiService.swift in Sources */ = {isa = PBXBuildFile; fileRef = 85918A4A2A1255B400905261 /* ApiService.swift */; };
		85918A4D2A126AD500905261 /* CategoriesViewModel.swift in Sources */ = {isa = PBXBuildFile; fileRef = 85918A4C2A126AD500905261 /* CategoriesViewModel.swift */; };
		85ADBA5929E4C52A00CED171 /* ShoppingListView.swift in Sources */ = {isa = PBXBuildFile; fileRef = 85ADBA5829E4C52A00CED171 /* ShoppingListView.swift */; };
		85ADBA5B29E4C67A00CED171 /* ShoppingListViewController.swift in Sources */ = {isa = PBXBuildFile; fileRef = 85ADBA5A29E4C67A00CED171 /* ShoppingListViewController.swift */; };
		85C07B322A129D9D00B3CEC4 /* CategoryItemListViewController.swift in Sources */ = {isa = PBXBuildFile; fileRef = 85C07B312A129D9D00B3CEC4 /* CategoryItemListViewController.swift */; };
		85C07B352A129DF500B3CEC4 /* CategoriesCoordinator.swift in Sources */ = {isa = PBXBuildFile; fileRef = 85C07B342A129DF500B3CEC4 /* CategoriesCoordinator.swift */; };
		85C07B372A12A08800B3CEC4 /* CategoryItemListViewModel.swift in Sources */ = {isa = PBXBuildFile; fileRef = 85C07B362A12A08800B3CEC4 /* CategoryItemListViewModel.swift */; };
		85C07B392A13FB8B00B3CEC4 /* CategoryItemListView.swift in Sources */ = {isa = PBXBuildFile; fileRef = 85C07B382A13FB8B00B3CEC4 /* CategoryItemListView.swift */; };
		85C07B3E2A15723C00B3CEC4 /* Helper.swift in Sources */ = {isa = PBXBuildFile; fileRef = 85C07B3D2A15723C00B3CEC4 /* Helper.swift */; };
		85C07B432A172FC900B3CEC4 /* CategoryItemDetailViewController.swift in Sources */ = {isa = PBXBuildFile; fileRef = 85C07B422A172FC900B3CEC4 /* CategoryItemDetailViewController.swift */; };
		85DBCD672A173689001C8503 /* SMLabel.swift in Sources */ = {isa = PBXBuildFile; fileRef = 85DBCD662A173689001C8503 /* SMLabel.swift */; };
		85DBCD6C2A18775C001C8503 /* CategoryItemDetailView.swift in Sources */ = {isa = PBXBuildFile; fileRef = 85DBCD6B2A18775C001C8503 /* CategoryItemDetailView.swift */; };
		85DBCD6E2A1984C4001C8503 /* ItemDetailModel.swift in Sources */ = {isa = PBXBuildFile; fileRef = 85DBCD6D2A1984C4001C8503 /* ItemDetailModel.swift */; };
		85E231C929D4C66A003DB40F /* GoogleService-Info.plist in Resources */ = {isa = PBXBuildFile; fileRef = 85E231C829D4C66A003DB40F /* GoogleService-Info.plist */; };
		85E3FD452A05489700AB5369 /* CategoriesView.swift in Sources */ = {isa = PBXBuildFile; fileRef = 85E3FD442A05489700AB5369 /* CategoriesView.swift */; };
		85FEE26729DCABE500099594 /* ProfileViewController.swift in Sources */ = {isa = PBXBuildFile; fileRef = 85FEE26629DCABE500099594 /* ProfileViewController.swift */; };
		85FEE26929DCAC2E00099594 /* FavoriteViewController.swift in Sources */ = {isa = PBXBuildFile; fileRef = 85FEE26829DCAC2E00099594 /* FavoriteViewController.swift */; };
/* End PBXBuildFile section */

/* Begin PBXContainerItemProxy section */
		854A21CB29D3FC5600B17653 /* PBXContainerItemProxy */ = {
			isa = PBXContainerItemProxy;
			containerPortal = 854A21A929D3FC5400B17653 /* Project object */;
			proxyType = 1;
			remoteGlobalIDString = 854A21B029D3FC5400B17653;
			remoteInfo = SupermarketListApp;
		};
		854A21D529D3FC5600B17653 /* PBXContainerItemProxy */ = {
			isa = PBXContainerItemProxy;
			containerPortal = 854A21A929D3FC5400B17653 /* Project object */;
			proxyType = 1;
			remoteGlobalIDString = 854A21B029D3FC5400B17653;
			remoteInfo = SupermarketListApp;
		};
/* End PBXContainerItemProxy section */

/* Begin PBXFileReference section */
		0144311F2A73883F00FA4DD5 /* CreateNewUserView.swift */ = {isa = PBXFileReference; lastKnownFileType = sourcecode.swift; path = CreateNewUserView.swift; sourceTree = "<group>"; };
		014431212A73885500FA4DD5 /* CreateNewUserViewController.swift */ = {isa = PBXFileReference; lastKnownFileType = sourcecode.swift; path = CreateNewUserViewController.swift; sourceTree = "<group>"; };
		014431232A73885F00FA4DD5 /* CreateNewUserViewModel.swift */ = {isa = PBXFileReference; lastKnownFileType = sourcecode.swift; path = CreateNewUserViewModel.swift; sourceTree = "<group>"; };
		014431272A739BD700FA4DD5 /* CreateNewUserRequest.swift */ = {isa = PBXFileReference; lastKnownFileType = sourcecode.swift; path = CreateNewUserRequest.swift; sourceTree = "<group>"; };
		0171236C2A66C392002EE839 /* EmptyTableView.swift */ = {isa = PBXFileReference; lastKnownFileType = sourcecode.swift; path = EmptyTableView.swift; sourceTree = "<group>"; };
		01CB07252A73B47500F80667 /* AuthLoginRequest.swift */ = {isa = PBXFileReference; lastKnownFileType = sourcecode.swift; path = AuthLoginRequest.swift; sourceTree = "<group>"; };
		01CB07272A73CDCE00F80667 /* Endpoints.swift */ = {isa = PBXFileReference; lastKnownFileType = sourcecode.swift; path = Endpoints.swift; sourceTree = "<group>"; };
		01CB072A2A73D2B200F80667 /* ListCategoriesModel.swift */ = {isa = PBXFileReference; lastKnownFileType = sourcecode.swift; path = ListCategoriesModel.swift; sourceTree = "<group>"; };
		01CB072C2A74179500F80667 /* ListItemsCategory.swift */ = {isa = PBXFileReference; lastKnownFileType = sourcecode.swift; path = ListItemsCategory.swift; sourceTree = "<group>"; };
		85395E5D2A20CE2C005A6B55 /* ItemDataModel.swift */ = {isa = PBXFileReference; lastKnownFileType = sourcecode.swift; path = ItemDataModel.swift; sourceTree = "<group>"; };
		854A21B129D3FC5400B17653 /* SupermarketListApp.app */ = {isa = PBXFileReference; explicitFileType = wrapper.application; includeInIndex = 0; path = SupermarketListApp.app; sourceTree = BUILT_PRODUCTS_DIR; };
		854A21B429D3FC5400B17653 /* AppDelegate.swift */ = {isa = PBXFileReference; lastKnownFileType = sourcecode.swift; path = AppDelegate.swift; sourceTree = "<group>"; };
		854A21B629D3FC5400B17653 /* SceneDelegate.swift */ = {isa = PBXFileReference; lastKnownFileType = sourcecode.swift; path = SceneDelegate.swift; sourceTree = "<group>"; };
		854A21B829D3FC5400B17653 /* LoginViewController.swift */ = {isa = PBXFileReference; lastKnownFileType = sourcecode.swift; path = LoginViewController.swift; sourceTree = "<group>"; };
		854A21BE29D3FC5400B17653 /* SupermarketListApp.xcdatamodel */ = {isa = PBXFileReference; lastKnownFileType = wrapper.xcdatamodel; path = SupermarketListApp.xcdatamodel; sourceTree = "<group>"; };
		854A21C029D3FC5600B17653 /* Assets.xcassets */ = {isa = PBXFileReference; lastKnownFileType = folder.assetcatalog; path = Assets.xcassets; sourceTree = "<group>"; };
		854A21C329D3FC5600B17653 /* Base */ = {isa = PBXFileReference; lastKnownFileType = file.storyboard; name = Base; path = Base.lproj/LaunchScreen.storyboard; sourceTree = "<group>"; };
		854A21C529D3FC5600B17653 /* Info.plist */ = {isa = PBXFileReference; lastKnownFileType = text.plist.xml; path = Info.plist; sourceTree = "<group>"; };
		854A21CA29D3FC5600B17653 /* SupermarketListAppTests.xctest */ = {isa = PBXFileReference; explicitFileType = wrapper.cfbundle; includeInIndex = 0; path = SupermarketListAppTests.xctest; sourceTree = BUILT_PRODUCTS_DIR; };
		854A21CE29D3FC5600B17653 /* SupermarketListAppTests.swift */ = {isa = PBXFileReference; lastKnownFileType = sourcecode.swift; path = SupermarketListAppTests.swift; sourceTree = "<group>"; };
		854A21D429D3FC5600B17653 /* SupermarketListAppUITests.xctest */ = {isa = PBXFileReference; explicitFileType = wrapper.cfbundle; includeInIndex = 0; path = SupermarketListAppUITests.xctest; sourceTree = BUILT_PRODUCTS_DIR; };
		854A21D829D3FC5600B17653 /* SupermarketListAppUITests.swift */ = {isa = PBXFileReference; lastKnownFileType = sourcecode.swift; path = SupermarketListAppUITests.swift; sourceTree = "<group>"; };
		854A21DA29D3FC5600B17653 /* SupermarketListAppUITestsLaunchTests.swift */ = {isa = PBXFileReference; lastKnownFileType = sourcecode.swift; path = SupermarketListAppUITestsLaunchTests.swift; sourceTree = "<group>"; };
		854A21E929D3FD1500B17653 /* BaseCoordinator.swift */ = {isa = PBXFileReference; lastKnownFileType = sourcecode.swift; path = BaseCoordinator.swift; sourceTree = "<group>"; };
		854A21EB29D3FD3100B17653 /* Coordinator.swift */ = {isa = PBXFileReference; lastKnownFileType = sourcecode.swift; path = Coordinator.swift; sourceTree = "<group>"; };
		854A21F229D3FE5800B17653 /* UIColor+Extension.swift */ = {isa = PBXFileReference; fileEncoding = 4; lastKnownFileType = sourcecode.swift; path = "UIColor+Extension.swift"; sourceTree = "<group>"; };
		854A21F329D3FE5800B17653 /* SMColor.swift */ = {isa = PBXFileReference; fileEncoding = 4; lastKnownFileType = sourcecode.swift; path = SMColor.swift; sourceTree = "<group>"; };
		854A21F529D3FE5800B17653 /* Extension+UIImageView.swift */ = {isa = PBXFileReference; fileEncoding = 4; lastKnownFileType = sourcecode.swift; path = "Extension+UIImageView.swift"; sourceTree = "<group>"; };
		854A21F629D3FE5800B17653 /* SMImage.swift */ = {isa = PBXFileReference; fileEncoding = 4; lastKnownFileType = sourcecode.swift; path = SMImage.swift; sourceTree = "<group>"; };
		854A21F829D3FE5800B17653 /* BaseTabBar.swift */ = {isa = PBXFileReference; fileEncoding = 4; lastKnownFileType = sourcecode.swift; path = BaseTabBar.swift; sourceTree = "<group>"; };
		854A21F929D3FE5800B17653 /* Service.swift */ = {isa = PBXFileReference; fileEncoding = 4; lastKnownFileType = sourcecode.swift; path = Service.swift; sourceTree = "<group>"; };
		854A21FB29D3FE5800B17653 /* SMTextField.swift */ = {isa = PBXFileReference; fileEncoding = 4; lastKnownFileType = sourcecode.swift; path = SMTextField.swift; sourceTree = "<group>"; };
		854A21FC29D3FE5800B17653 /* UIViewController+Extension.swift */ = {isa = PBXFileReference; fileEncoding = 4; lastKnownFileType = sourcecode.swift; path = "UIViewController+Extension.swift"; sourceTree = "<group>"; };
		854A21FD29D3FE5800B17653 /* IdentifieCell.swift */ = {isa = PBXFileReference; fileEncoding = 4; lastKnownFileType = sourcecode.swift; path = IdentifieCell.swift; sourceTree = "<group>"; };
		854A21FF29D3FE5800B17653 /* SMButton.swift */ = {isa = PBXFileReference; fileEncoding = 4; lastKnownFileType = sourcecode.swift; path = SMButton.swift; sourceTree = "<group>"; };
		854A220E29D3FF0500B17653 /* AccountCoordinator.swift */ = {isa = PBXFileReference; lastKnownFileType = sourcecode.swift; path = AccountCoordinator.swift; sourceTree = "<group>"; };
		854A234F2A035BE400BE3461 /* ShoppingListCoordinator.swift */ = {isa = PBXFileReference; lastKnownFileType = sourcecode.swift; path = ShoppingListCoordinator.swift; sourceTree = "<group>"; };
		854A23512A035D4900BE3461 /* ShoppingListViewModel.swift */ = {isa = PBXFileReference; lastKnownFileType = sourcecode.swift; path = ShoppingListViewModel.swift; sourceTree = "<group>"; };
		854A23542A035E3800BE3461 /* CategoriesViewController.swift */ = {isa = PBXFileReference; lastKnownFileType = sourcecode.swift; path = CategoriesViewController.swift; sourceTree = "<group>"; };
		857144682A0290FB00B96C02 /* TabBarCoordinator.swift */ = {isa = PBXFileReference; fileEncoding = 4; lastKnownFileType = sourcecode.swift; path = TabBarCoordinator.swift; sourceTree = "<group>"; };
		8571446A2A02A5AD00B96C02 /* String+Extension.swift */ = {isa = PBXFileReference; lastKnownFileType = sourcecode.swift; path = "String+Extension.swift"; sourceTree = "<group>"; };
		858E162A29D4609900E2DBDE /* LoginView.swift */ = {isa = PBXFileReference; lastKnownFileType = sourcecode.swift; path = LoginView.swift; sourceTree = "<group>"; };
		858E162D29D46F8100E2DBDE /* LoginViewModel.swift */ = {isa = PBXFileReference; lastKnownFileType = sourcecode.swift; path = LoginViewModel.swift; sourceTree = "<group>"; };
		858E163329D4706A00E2DBDE /* HomeView.swift */ = {isa = PBXFileReference; lastKnownFileType = sourcecode.swift; path = HomeView.swift; sourceTree = "<group>"; };
		858E163529D470D000E2DBDE /* HomeViewController.swift */ = {isa = PBXFileReference; lastKnownFileType = sourcecode.swift; path = HomeViewController.swift; sourceTree = "<group>"; };
		858E163729D4718000E2DBDE /* HomeCoordinator.swift */ = {isa = PBXFileReference; lastKnownFileType = sourcecode.swift; path = HomeCoordinator.swift; sourceTree = "<group>"; };
		858E163929D4721100E2DBDE /* HomeViewModel.swift */ = {isa = PBXFileReference; lastKnownFileType = sourcecode.swift; path = HomeViewModel.swift; sourceTree = "<group>"; };
		85918A3B2A08A30E00905261 /* CategoriesCollectionViewCell.swift */ = {isa = PBXFileReference; lastKnownFileType = sourcecode.swift; path = CategoriesCollectionViewCell.swift; sourceTree = "<group>"; };
		85918A3D2A0A170500905261 /* FavoriteCoordinator.swift */ = {isa = PBXFileReference; lastKnownFileType = sourcecode.swift; path = FavoriteCoordinator.swift; sourceTree = "<group>"; };
		85918A3F2A0A227600905261 /* ProfileCoordinator.swift */ = {isa = PBXFileReference; lastKnownFileType = sourcecode.swift; path = ProfileCoordinator.swift; sourceTree = "<group>"; };
		85918A442A1254A400905261 /* CategoryModel.swift */ = {isa = PBXFileReference; lastKnownFileType = sourcecode.swift; path = CategoryModel.swift; sourceTree = "<group>"; };
		85918A4A2A1255B400905261 /* ApiService.swift */ = {isa = PBXFileReference; lastKnownFileType = sourcecode.swift; path = ApiService.swift; sourceTree = "<group>"; };
		85918A4C2A126AD500905261 /* CategoriesViewModel.swift */ = {isa = PBXFileReference; lastKnownFileType = sourcecode.swift; path = CategoriesViewModel.swift; sourceTree = "<group>"; };
		85ADBA5829E4C52A00CED171 /* ShoppingListView.swift */ = {isa = PBXFileReference; lastKnownFileType = sourcecode.swift; path = ShoppingListView.swift; sourceTree = "<group>"; };
		85ADBA5A29E4C67A00CED171 /* ShoppingListViewController.swift */ = {isa = PBXFileReference; lastKnownFileType = sourcecode.swift; path = ShoppingListViewController.swift; sourceTree = "<group>"; };
		85C07B312A129D9D00B3CEC4 /* CategoryItemListViewController.swift */ = {isa = PBXFileReference; lastKnownFileType = sourcecode.swift; path = CategoryItemListViewController.swift; sourceTree = "<group>"; };
		85C07B342A129DF500B3CEC4 /* CategoriesCoordinator.swift */ = {isa = PBXFileReference; lastKnownFileType = sourcecode.swift; path = CategoriesCoordinator.swift; sourceTree = "<group>"; };
		85C07B362A12A08800B3CEC4 /* CategoryItemListViewModel.swift */ = {isa = PBXFileReference; lastKnownFileType = sourcecode.swift; path = CategoryItemListViewModel.swift; sourceTree = "<group>"; };
		85C07B382A13FB8B00B3CEC4 /* CategoryItemListView.swift */ = {isa = PBXFileReference; lastKnownFileType = sourcecode.swift; path = CategoryItemListView.swift; sourceTree = "<group>"; };
		85C07B3D2A15723C00B3CEC4 /* Helper.swift */ = {isa = PBXFileReference; lastKnownFileType = sourcecode.swift; path = Helper.swift; sourceTree = "<group>"; };
		85C07B422A172FC900B3CEC4 /* CategoryItemDetailViewController.swift */ = {isa = PBXFileReference; lastKnownFileType = sourcecode.swift; path = CategoryItemDetailViewController.swift; sourceTree = "<group>"; };
		85DBCD662A173689001C8503 /* SMLabel.swift */ = {isa = PBXFileReference; lastKnownFileType = sourcecode.swift; path = SMLabel.swift; sourceTree = "<group>"; };
		85DBCD6B2A18775C001C8503 /* CategoryItemDetailView.swift */ = {isa = PBXFileReference; lastKnownFileType = sourcecode.swift; path = CategoryItemDetailView.swift; sourceTree = "<group>"; };
		85DBCD6D2A1984C4001C8503 /* ItemDetailModel.swift */ = {isa = PBXFileReference; lastKnownFileType = sourcecode.swift; path = ItemDetailModel.swift; sourceTree = "<group>"; };
		85E231C829D4C66A003DB40F /* GoogleService-Info.plist */ = {isa = PBXFileReference; fileEncoding = 4; lastKnownFileType = text.plist.xml; path = "GoogleService-Info.plist"; sourceTree = "<group>"; };
		85E3FD442A05489700AB5369 /* CategoriesView.swift */ = {isa = PBXFileReference; lastKnownFileType = sourcecode.swift; path = CategoriesView.swift; sourceTree = "<group>"; };
		85FEE26629DCABE500099594 /* ProfileViewController.swift */ = {isa = PBXFileReference; lastKnownFileType = sourcecode.swift; path = ProfileViewController.swift; sourceTree = "<group>"; };
		85FEE26829DCAC2E00099594 /* FavoriteViewController.swift */ = {isa = PBXFileReference; lastKnownFileType = sourcecode.swift; path = FavoriteViewController.swift; sourceTree = "<group>"; };
/* End PBXFileReference section */

/* Begin PBXFrameworksBuildPhase section */
		854A21AE29D3FC5400B17653 /* Frameworks */ = {
			isa = PBXFrameworksBuildPhase;
			buildActionMask = 2147483647;
			files = (
			);
			runOnlyForDeploymentPostprocessing = 0;
		};
		854A21C729D3FC5600B17653 /* Frameworks */ = {
			isa = PBXFrameworksBuildPhase;
			buildActionMask = 2147483647;
			files = (
			);
			runOnlyForDeploymentPostprocessing = 0;
		};
		854A21D129D3FC5600B17653 /* Frameworks */ = {
			isa = PBXFrameworksBuildPhase;
			buildActionMask = 2147483647;
			files = (
			);
			runOnlyForDeploymentPostprocessing = 0;
		};
/* End PBXFrameworksBuildPhase section */

/* Begin PBXGroup section */
		0144311E2A7387F400FA4DD5 /* NewUser */ = {
			isa = PBXGroup;
			children = (
				0144311F2A73883F00FA4DD5 /* CreateNewUserView.swift */,
				014431212A73885500FA4DD5 /* CreateNewUserViewController.swift */,
				014431232A73885F00FA4DD5 /* CreateNewUserViewModel.swift */,
			);
			path = NewUser;
			sourceTree = "<group>";
		};
		014431262A739BC500FA4DD5 /* Model */ = {
			isa = PBXGroup;
			children = (
				014431272A739BD700FA4DD5 /* CreateNewUserRequest.swift */,
				01CB07252A73B47500F80667 /* AuthLoginRequest.swift */,
			);
			path = Model;
			sourceTree = "<group>";
		};
		0171236B2A66C37A002EE839 /* TableView */ = {
			isa = PBXGroup;
			children = (
				0171236C2A66C392002EE839 /* EmptyTableView.swift */,
			);
			path = TableView;
			sourceTree = "<group>";
		};
		854A21A829D3FC5400B17653 = {
			isa = PBXGroup;
			children = (
				854A21B329D3FC5400B17653 /* SupermarketListApp */,
				854A21CD29D3FC5600B17653 /* SupermarketListAppTests */,
				854A21D729D3FC5600B17653 /* SupermarketListAppUITests */,
				854A21B229D3FC5400B17653 /* Products */,
			);
			sourceTree = "<group>";
		};
		854A21B229D3FC5400B17653 /* Products */ = {
			isa = PBXGroup;
			children = (
				854A21B129D3FC5400B17653 /* SupermarketListApp.app */,
				854A21CA29D3FC5600B17653 /* SupermarketListAppTests.xctest */,
				854A21D429D3FC5600B17653 /* SupermarketListAppUITests.xctest */,
			);
			name = Products;
			sourceTree = "<group>";
		};
		854A21B329D3FC5400B17653 /* SupermarketListApp */ = {
			isa = PBXGroup;
			children = (
				85918A412A12544A00905261 /* Network */,
				854A21E729D3FC6800B17653 /* Commom */,
				854A21F029D3FE5800B17653 /* Extensions */,
				854A21E829D3FC9D00B17653 /* Coordinator */,
				854A220B29D3FEAB00B17653 /* Features */,
				854A21C229D3FC5600B17653 /* LaunchScreen.storyboard */,
				854A21C029D3FC5600B17653 /* Assets.xcassets */,
				854A21C529D3FC5600B17653 /* Info.plist */,
				854A21BD29D3FC5400B17653 /* SupermarketListApp.xcdatamodeld */,
				85E231C829D4C66A003DB40F /* GoogleService-Info.plist */,
			);
			path = SupermarketListApp;
			sourceTree = "<group>";
		};
		854A21CD29D3FC5600B17653 /* SupermarketListAppTests */ = {
			isa = PBXGroup;
			children = (
				854A21CE29D3FC5600B17653 /* SupermarketListAppTests.swift */,
			);
			path = SupermarketListAppTests;
			sourceTree = "<group>";
		};
		854A21D729D3FC5600B17653 /* SupermarketListAppUITests */ = {
			isa = PBXGroup;
			children = (
				854A21D829D3FC5600B17653 /* SupermarketListAppUITests.swift */,
				854A21DA29D3FC5600B17653 /* SupermarketListAppUITestsLaunchTests.swift */,
			);
			path = SupermarketListAppUITests;
			sourceTree = "<group>";
		};
		854A21E729D3FC6800B17653 /* Commom */ = {
			isa = PBXGroup;
			children = (
				854A21B429D3FC5400B17653 /* AppDelegate.swift */,
				854A21B629D3FC5400B17653 /* SceneDelegate.swift */,
			);
			path = Commom;
			sourceTree = "<group>";
		};
		854A21E829D3FC9D00B17653 /* Coordinator */ = {
			isa = PBXGroup;
			children = (
				857144682A0290FB00B96C02 /* TabBarCoordinator.swift */,
				854A21E929D3FD1500B17653 /* BaseCoordinator.swift */,
				854A21EB29D3FD3100B17653 /* Coordinator.swift */,
			);
			path = Coordinator;
			sourceTree = "<group>";
		};
		854A21F029D3FE5800B17653 /* Extensions */ = {
			isa = PBXGroup;
			children = (
				854A21F129D3FE5800B17653 /* Color */,
				854A21F429D3FE5800B17653 /* Image */,
				854A21F729D3FE5800B17653 /* Components */,
				85C07B3D2A15723C00B3CEC4 /* Helper.swift */,
			);
			path = Extensions;
			sourceTree = "<group>";
		};
		854A21F129D3FE5800B17653 /* Color */ = {
			isa = PBXGroup;
			children = (
				854A21F229D3FE5800B17653 /* UIColor+Extension.swift */,
				854A21F329D3FE5800B17653 /* SMColor.swift */,
			);
			path = Color;
			sourceTree = "<group>";
		};
		854A21F429D3FE5800B17653 /* Image */ = {
			isa = PBXGroup;
			children = (
				854A21F529D3FE5800B17653 /* Extension+UIImageView.swift */,
				854A21F629D3FE5800B17653 /* SMImage.swift */,
			);
			path = Image;
			sourceTree = "<group>";
		};
		854A21F729D3FE5800B17653 /* Components */ = {
			isa = PBXGroup;
			children = (
				0171236B2A66C37A002EE839 /* TableView */,
				85DBCD652A173665001C8503 /* Label */,
				854A21FE29D3FE5800B17653 /* Button */,
				854A21FA29D3FE5800B17653 /* TextField */,
				854A21F829D3FE5800B17653 /* BaseTabBar.swift */,
				854A21F929D3FE5800B17653 /* Service.swift */,
				854A21FC29D3FE5800B17653 /* UIViewController+Extension.swift */,
				854A21FD29D3FE5800B17653 /* IdentifieCell.swift */,
				8571446A2A02A5AD00B96C02 /* String+Extension.swift */,
			);
			path = Components;
			sourceTree = "<group>";
		};
		854A21FA29D3FE5800B17653 /* TextField */ = {
			isa = PBXGroup;
			children = (
				854A21FB29D3FE5800B17653 /* SMTextField.swift */,
			);
			path = TextField;
			sourceTree = "<group>";
		};
		854A21FE29D3FE5800B17653 /* Button */ = {
			isa = PBXGroup;
			children = (
				854A21FF29D3FE5800B17653 /* SMButton.swift */,
			);
			path = Button;
			sourceTree = "<group>";
		};
		854A220B29D3FEAB00B17653 /* Features */ = {
			isa = PBXGroup;
			children = (
				85FEE26529DCABD200099594 /* Profile */,
				854A23532A035E2400BE3461 /* Categories */,
				854A220C29D3FEB900B17653 /* Account */,
				858E162F29D4702A00E2DBDE /* Home */,
				85ADBA5729E4C50C00CED171 /* ShoppingList */,
				85FEE26429DCABA100099594 /* Favorite */,
			);
			path = Features;
			sourceTree = "<group>";
		};
		854A220C29D3FEB900B17653 /* Account */ = {
			isa = PBXGroup;
			children = (
				014431262A739BC500FA4DD5 /* Model */,
				854A220D29D3FEF900B17653 /* Coordinator */,
				0144311E2A7387F400FA4DD5 /* NewUser */,
				858E162C29D463C500E2DBDE /* Login */,
			);
			path = Account;
			sourceTree = "<group>";
		};
		854A220D29D3FEF900B17653 /* Coordinator */ = {
			isa = PBXGroup;
			children = (
				854A220E29D3FF0500B17653 /* AccountCoordinator.swift */,
			);
			path = Coordinator;
			sourceTree = "<group>";
		};
		854A234E2A035BD000BE3461 /* Coordinator */ = {
			isa = PBXGroup;
			children = (
				854A234F2A035BE400BE3461 /* ShoppingListCoordinator.swift */,
			);
			path = Coordinator;
			sourceTree = "<group>";
		};
		854A23532A035E2400BE3461 /* Categories */ = {
			isa = PBXGroup;
			children = (
				85C07B332A129DE000B3CEC4 /* Coordinator */,
				85918A432A12548400905261 /* Model */,
				85C07B302A129D6C00B3CEC4 /* CategoryItemsList */,
				85C07B412A172FA000B3CEC4 /* CategoryItemDetail */,
				85918A3B2A08A30E00905261 /* CategoriesCollectionViewCell.swift */,
				85E3FD442A05489700AB5369 /* CategoriesView.swift */,
				854A23542A035E3800BE3461 /* CategoriesViewController.swift */,
				85918A4C2A126AD500905261 /* CategoriesViewModel.swift */,
			);
			path = Categories;
			sourceTree = "<group>";
		};
		858E162C29D463C500E2DBDE /* Login */ = {
			isa = PBXGroup;
			children = (
				858E162A29D4609900E2DBDE /* LoginView.swift */,
				854A21B829D3FC5400B17653 /* LoginViewController.swift */,
				858E162D29D46F8100E2DBDE /* LoginViewModel.swift */,
			);
			path = Login;
			sourceTree = "<group>";
		};
		858E162F29D4702A00E2DBDE /* Home */ = {
			isa = PBXGroup;
			children = (
				858E163029D4703700E2DBDE /* Coordinator */,
				858E163329D4706A00E2DBDE /* HomeView.swift */,
				858E163529D470D000E2DBDE /* HomeViewController.swift */,
				858E163929D4721100E2DBDE /* HomeViewModel.swift */,
			);
			path = Home;
			sourceTree = "<group>";
		};
		858E163029D4703700E2DBDE /* Coordinator */ = {
			isa = PBXGroup;
			children = (
				858E163729D4718000E2DBDE /* HomeCoordinator.swift */,
			);
			path = Coordinator;
			sourceTree = "<group>";
		};
		85918A412A12544A00905261 /* Network */ = {
			isa = PBXGroup;
			children = (
				85918A422A12546D00905261 /* JsonFile */,
				85918A4A2A1255B400905261 /* ApiService.swift */,
				01CB07272A73CDCE00F80667 /* Endpoints.swift */,
			);
			path = Network;
			sourceTree = "<group>";
		};
		85918A422A12546D00905261 /* JsonFile */ = {
			isa = PBXGroup;
			children = (
			);
			path = JsonFile;
			sourceTree = "<group>";
		};
		85918A432A12548400905261 /* Model */ = {
			isa = PBXGroup;
			children = (
				85918A442A1254A400905261 /* CategoryModel.swift */,
				85DBCD6D2A1984C4001C8503 /* ItemDetailModel.swift */,
				85395E5D2A20CE2C005A6B55 /* ItemDataModel.swift */,
				01CB072A2A73D2B200F80667 /* ListCategoriesModel.swift */,
				01CB072C2A74179500F80667 /* ListItemsCategory.swift */,
			);
			path = Model;
			sourceTree = "<group>";
		};
		85ADBA5729E4C50C00CED171 /* ShoppingList */ = {
			isa = PBXGroup;
			children = (
				854A234E2A035BD000BE3461 /* Coordinator */,
				85ADBA5829E4C52A00CED171 /* ShoppingListView.swift */,
				85ADBA5A29E4C67A00CED171 /* ShoppingListViewController.swift */,
				854A23512A035D4900BE3461 /* ShoppingListViewModel.swift */,
			);
			path = ShoppingList;
			sourceTree = "<group>";
		};
		85C07B302A129D6C00B3CEC4 /* CategoryItemsList */ = {
			isa = PBXGroup;
			children = (
				85C07B382A13FB8B00B3CEC4 /* CategoryItemListView.swift */,
				85C07B312A129D9D00B3CEC4 /* CategoryItemListViewController.swift */,
				85C07B362A12A08800B3CEC4 /* CategoryItemListViewModel.swift */,
			);
			path = CategoryItemsList;
			sourceTree = "<group>";
		};
		85C07B332A129DE000B3CEC4 /* Coordinator */ = {
			isa = PBXGroup;
			children = (
				85C07B342A129DF500B3CEC4 /* CategoriesCoordinator.swift */,
			);
			path = Coordinator;
			sourceTree = "<group>";
		};
		85C07B3A2A1401DA00B3CEC4 /* Coordinator */ = {
			isa = PBXGroup;
			children = (
				85918A3F2A0A227600905261 /* ProfileCoordinator.swift */,
			);
			path = Coordinator;
			sourceTree = "<group>";
		};
		85C07B3B2A1401E600B3CEC4 /* Coordinator */ = {
			isa = PBXGroup;
			children = (
				85918A3D2A0A170500905261 /* FavoriteCoordinator.swift */,
			);
			path = Coordinator;
			sourceTree = "<group>";
		};
		85C07B412A172FA000B3CEC4 /* CategoryItemDetail */ = {
			isa = PBXGroup;
			children = (
				85C07B422A172FC900B3CEC4 /* CategoryItemDetailViewController.swift */,
				85DBCD6B2A18775C001C8503 /* CategoryItemDetailView.swift */,
			);
			path = CategoryItemDetail;
			sourceTree = "<group>";
		};
		85DBCD652A173665001C8503 /* Label */ = {
			isa = PBXGroup;
			children = (
				85DBCD662A173689001C8503 /* SMLabel.swift */,
			);
			path = Label;
			sourceTree = "<group>";
		};
		85FEE26429DCABA100099594 /* Favorite */ = {
			isa = PBXGroup;
			children = (
				85C07B3B2A1401E600B3CEC4 /* Coordinator */,
				85FEE26829DCAC2E00099594 /* FavoriteViewController.swift */,
			);
			path = Favorite;
			sourceTree = "<group>";
		};
		85FEE26529DCABD200099594 /* Profile */ = {
			isa = PBXGroup;
			children = (
				85C07B3A2A1401DA00B3CEC4 /* Coordinator */,
				85FEE26629DCABE500099594 /* ProfileViewController.swift */,
			);
			path = Profile;
			sourceTree = "<group>";
		};
/* End PBXGroup section */

/* Begin PBXNativeTarget section */
		854A21B029D3FC5400B17653 /* SupermarketListApp */ = {
			isa = PBXNativeTarget;
			buildConfigurationList = 854A21DE29D3FC5600B17653 /* Build configuration list for PBXNativeTarget "SupermarketListApp" */;
			buildPhases = (
				854A21AD29D3FC5400B17653 /* Sources */,
				854A21AE29D3FC5400B17653 /* Frameworks */,
				854A21AF29D3FC5400B17653 /* Resources */,
			);
			buildRules = (
			);
			dependencies = (
			);
			name = SupermarketListApp;
			packageProductDependencies = (
			);
			productName = SupermarketListApp;
			productReference = 854A21B129D3FC5400B17653 /* SupermarketListApp.app */;
			productType = "com.apple.product-type.application";
		};
		854A21C929D3FC5600B17653 /* SupermarketListAppTests */ = {
			isa = PBXNativeTarget;
			buildConfigurationList = 854A21E129D3FC5600B17653 /* Build configuration list for PBXNativeTarget "SupermarketListAppTests" */;
			buildPhases = (
				854A21C629D3FC5600B17653 /* Sources */,
				854A21C729D3FC5600B17653 /* Frameworks */,
				854A21C829D3FC5600B17653 /* Resources */,
			);
			buildRules = (
			);
			dependencies = (
				854A21CC29D3FC5600B17653 /* PBXTargetDependency */,
			);
			name = SupermarketListAppTests;
			productName = SupermarketListAppTests;
			productReference = 854A21CA29D3FC5600B17653 /* SupermarketListAppTests.xctest */;
			productType = "com.apple.product-type.bundle.unit-test";
		};
		854A21D329D3FC5600B17653 /* SupermarketListAppUITests */ = {
			isa = PBXNativeTarget;
			buildConfigurationList = 854A21E429D3FC5600B17653 /* Build configuration list for PBXNativeTarget "SupermarketListAppUITests" */;
			buildPhases = (
				854A21D029D3FC5600B17653 /* Sources */,
				854A21D129D3FC5600B17653 /* Frameworks */,
				854A21D229D3FC5600B17653 /* Resources */,
			);
			buildRules = (
			);
			dependencies = (
				854A21D629D3FC5600B17653 /* PBXTargetDependency */,
			);
			name = SupermarketListAppUITests;
			productName = SupermarketListAppUITests;
			productReference = 854A21D429D3FC5600B17653 /* SupermarketListAppUITests.xctest */;
			productType = "com.apple.product-type.bundle.ui-testing";
		};
/* End PBXNativeTarget section */

/* Begin PBXProject section */
		854A21A929D3FC5400B17653 /* Project object */ = {
			isa = PBXProject;
			attributes = {
				BuildIndependentTargetsInParallel = 1;
				LastSwiftUpdateCheck = 1410;
				LastUpgradeCheck = 1410;
				TargetAttributes = {
					854A21B029D3FC5400B17653 = {
						CreatedOnToolsVersion = 14.1;
					};
					854A21C929D3FC5600B17653 = {
						CreatedOnToolsVersion = 14.1;
						TestTargetID = 854A21B029D3FC5400B17653;
					};
					854A21D329D3FC5600B17653 = {
						CreatedOnToolsVersion = 14.1;
						TestTargetID = 854A21B029D3FC5400B17653;
					};
				};
			};
			buildConfigurationList = 854A21AC29D3FC5400B17653 /* Build configuration list for PBXProject "SuperMarketListApp" */;
			compatibilityVersion = "Xcode 14.0";
			developmentRegion = en;
			hasScannedForEncodings = 0;
			knownRegions = (
				en,
				Base,
			);
			mainGroup = 854A21A829D3FC5400B17653;
			packageReferences = (
			);
			productRefGroup = 854A21B229D3FC5400B17653 /* Products */;
			projectDirPath = "";
			projectRoot = "";
			targets = (
				854A21B029D3FC5400B17653 /* SupermarketListApp */,
				854A21C929D3FC5600B17653 /* SupermarketListAppTests */,
				854A21D329D3FC5600B17653 /* SupermarketListAppUITests */,
			);
		};
/* End PBXProject section */

/* Begin PBXResourcesBuildPhase section */
		854A21AF29D3FC5400B17653 /* Resources */ = {
			isa = PBXResourcesBuildPhase;
			buildActionMask = 2147483647;
			files = (
				854A21C429D3FC5600B17653 /* LaunchScreen.storyboard in Resources */,
				85E231C929D4C66A003DB40F /* GoogleService-Info.plist in Resources */,
				854A21C129D3FC5600B17653 /* Assets.xcassets in Resources */,
			);
			runOnlyForDeploymentPostprocessing = 0;
		};
		854A21C829D3FC5600B17653 /* Resources */ = {
			isa = PBXResourcesBuildPhase;
			buildActionMask = 2147483647;
			files = (
			);
			runOnlyForDeploymentPostprocessing = 0;
		};
		854A21D229D3FC5600B17653 /* Resources */ = {
			isa = PBXResourcesBuildPhase;
			buildActionMask = 2147483647;
			files = (
			);
			runOnlyForDeploymentPostprocessing = 0;
		};
/* End PBXResourcesBuildPhase section */

/* Begin PBXSourcesBuildPhase section */
		854A21AD29D3FC5400B17653 /* Sources */ = {
			isa = PBXSourcesBuildPhase;
			buildActionMask = 2147483647;
			files = (
				85C07B322A129D9D00B3CEC4 /* CategoryItemListViewController.swift in Sources */,
				014431202A73883F00FA4DD5 /* CreateNewUserView.swift in Sources */,
				85918A452A1254A400905261 /* CategoryModel.swift in Sources */,
				854A21EA29D3FD1500B17653 /* BaseCoordinator.swift in Sources */,
				854A220629D3FE5800B17653 /* Service.swift in Sources */,
				854A21B929D3FC5400B17653 /* LoginViewController.swift in Sources */,
				85395E5E2A20CE2C005A6B55 /* ItemDataModel.swift in Sources */,
				854A220829D3FE5800B17653 /* UIViewController+Extension.swift in Sources */,
				854A220529D3FE5800B17653 /* BaseTabBar.swift in Sources */,
				85918A4B2A1255B400905261 /* ApiService.swift in Sources */,
				858E163A29D4721100E2DBDE /* HomeViewModel.swift in Sources */,
				85ADBA5B29E4C67A00CED171 /* ShoppingListViewController.swift in Sources */,
				85C07B352A129DF500B3CEC4 /* CategoriesCoordinator.swift in Sources */,
				85C07B3E2A15723C00B3CEC4 /* Helper.swift in Sources */,
				014431222A73885500FA4DD5 /* CreateNewUserViewController.swift in Sources */,
				858E163629D470D000E2DBDE /* HomeViewController.swift in Sources */,
				85E3FD452A05489700AB5369 /* CategoriesView.swift in Sources */,
				85DBCD672A173689001C8503 /* SMLabel.swift in Sources */,
				857144692A0290FB00B96C02 /* TabBarCoordinator.swift in Sources */,
				854A220329D3FE5800B17653 /* Extension+UIImageView.swift in Sources */,
				854A220F29D3FF0500B17653 /* AccountCoordinator.swift in Sources */,
				854A220429D3FE5800B17653 /* SMImage.swift in Sources */,
				854A21EC29D3FD3100B17653 /* Coordinator.swift in Sources */,
				854A220729D3FE5800B17653 /* SMTextField.swift in Sources */,
				854A220229D3FE5800B17653 /* SMColor.swift in Sources */,
				85918A402A0A227600905261 /* ProfileCoordinator.swift in Sources */,
				854A21B529D3FC5400B17653 /* AppDelegate.swift in Sources */,
				854A23502A035BE400BE3461 /* ShoppingListCoordinator.swift in Sources */,
				858E162B29D4609900E2DBDE /* LoginView.swift in Sources */,
				854A23522A035D4900BE3461 /* ShoppingListViewModel.swift in Sources */,
				85918A3C2A08A30E00905261 /* CategoriesCollectionViewCell.swift in Sources */,
				854A21B729D3FC5400B17653 /* SceneDelegate.swift in Sources */,
				854A220A29D3FE5800B17653 /* SMButton.swift in Sources */,
				014431282A739BD700FA4DD5 /* CreateNewUserRequest.swift in Sources */,
				85ADBA5929E4C52A00CED171 /* ShoppingListView.swift in Sources */,
				01CB072B2A73D2B200F80667 /* ListCategoriesModel.swift in Sources */,
				858E163429D4706A00E2DBDE /* HomeView.swift in Sources */,
				85918A4D2A126AD500905261 /* CategoriesViewModel.swift in Sources */,
				01CB07262A73B47500F80667 /* AuthLoginRequest.swift in Sources */,
				01CB07282A73CDCE00F80667 /* Endpoints.swift in Sources */,
				85DBCD6C2A18775C001C8503 /* CategoryItemDetailView.swift in Sources */,
				85DBCD6E2A1984C4001C8503 /* ItemDetailModel.swift in Sources */,
				854A21BF29D3FC5400B17653 /* SupermarketListApp.xcdatamodeld in Sources */,
				854A220129D3FE5800B17653 /* UIColor+Extension.swift in Sources */,
				01CB072D2A74179500F80667 /* ListItemsCategory.swift in Sources */,
				858E162E29D46F8100E2DBDE /* LoginViewModel.swift in Sources */,
				014431242A73885F00FA4DD5 /* CreateNewUserViewModel.swift in Sources */,
				85918A3E2A0A170500905261 /* FavoriteCoordinator.swift in Sources */,
				85FEE26929DCAC2E00099594 /* FavoriteViewController.swift in Sources */,
				85FEE26729DCABE500099594 /* ProfileViewController.swift in Sources */,
				854A220929D3FE5800B17653 /* IdentifieCell.swift in Sources */,
				0171236D2A66C392002EE839 /* EmptyTableView.swift in Sources */,
				85C07B432A172FC900B3CEC4 /* CategoryItemDetailViewController.swift in Sources */,
				85C07B392A13FB8B00B3CEC4 /* CategoryItemListView.swift in Sources */,
				85C07B372A12A08800B3CEC4 /* CategoryItemListViewModel.swift in Sources */,
				8571446B2A02A5AD00B96C02 /* String+Extension.swift in Sources */,
				854A23552A035E3800BE3461 /* CategoriesViewController.swift in Sources */,
				858E163829D4718000E2DBDE /* HomeCoordinator.swift in Sources */,
			);
			runOnlyForDeploymentPostprocessing = 0;
		};
		854A21C629D3FC5600B17653 /* Sources */ = {
			isa = PBXSourcesBuildPhase;
			buildActionMask = 2147483647;
			files = (
				854A21CF29D3FC5600B17653 /* SupermarketListAppTests.swift in Sources */,
			);
			runOnlyForDeploymentPostprocessing = 0;
		};
		854A21D029D3FC5600B17653 /* Sources */ = {
			isa = PBXSourcesBuildPhase;
			buildActionMask = 2147483647;
			files = (
				854A21DB29D3FC5600B17653 /* SupermarketListAppUITestsLaunchTests.swift in Sources */,
				854A21D929D3FC5600B17653 /* SupermarketListAppUITests.swift in Sources */,
			);
			runOnlyForDeploymentPostprocessing = 0;
		};
/* End PBXSourcesBuildPhase section */

/* Begin PBXTargetDependency section */
		854A21CC29D3FC5600B17653 /* PBXTargetDependency */ = {
			isa = PBXTargetDependency;
			target = 854A21B029D3FC5400B17653 /* SupermarketListApp */;
			targetProxy = 854A21CB29D3FC5600B17653 /* PBXContainerItemProxy */;
		};
		854A21D629D3FC5600B17653 /* PBXTargetDependency */ = {
			isa = PBXTargetDependency;
			target = 854A21B029D3FC5400B17653 /* SupermarketListApp */;
			targetProxy = 854A21D529D3FC5600B17653 /* PBXContainerItemProxy */;
		};
/* End PBXTargetDependency section */

/* Begin PBXVariantGroup section */
		854A21C229D3FC5600B17653 /* LaunchScreen.storyboard */ = {
			isa = PBXVariantGroup;
			children = (
				854A21C329D3FC5600B17653 /* Base */,
			);
			name = LaunchScreen.storyboard;
			sourceTree = "<group>";
		};
/* End PBXVariantGroup section */

/* Begin XCBuildConfiguration section */
		854A21DC29D3FC5600B17653 /* Debug */ = {
			isa = XCBuildConfiguration;
			buildSettings = {
				ALWAYS_SEARCH_USER_PATHS = NO;
				CLANG_ANALYZER_NONNULL = YES;
				CLANG_ANALYZER_NUMBER_OBJECT_CONVERSION = YES_AGGRESSIVE;
				CLANG_CXX_LANGUAGE_STANDARD = "gnu++20";
				CLANG_ENABLE_MODULES = YES;
				CLANG_ENABLE_OBJC_ARC = YES;
				CLANG_ENABLE_OBJC_WEAK = YES;
				CLANG_WARN_BLOCK_CAPTURE_AUTORELEASING = YES;
				CLANG_WARN_BOOL_CONVERSION = YES;
				CLANG_WARN_COMMA = YES;
				CLANG_WARN_CONSTANT_CONVERSION = YES;
				CLANG_WARN_DEPRECATED_OBJC_IMPLEMENTATIONS = YES;
				CLANG_WARN_DIRECT_OBJC_ISA_USAGE = YES_ERROR;
				CLANG_WARN_DOCUMENTATION_COMMENTS = YES;
				CLANG_WARN_EMPTY_BODY = YES;
				CLANG_WARN_ENUM_CONVERSION = YES;
				CLANG_WARN_INFINITE_RECURSION = YES;
				CLANG_WARN_INT_CONVERSION = YES;
				CLANG_WARN_NON_LITERAL_NULL_CONVERSION = YES;
				CLANG_WARN_OBJC_IMPLICIT_RETAIN_SELF = YES;
				CLANG_WARN_OBJC_LITERAL_CONVERSION = YES;
				CLANG_WARN_OBJC_ROOT_CLASS = YES_ERROR;
				CLANG_WARN_QUOTED_INCLUDE_IN_FRAMEWORK_HEADER = YES;
				CLANG_WARN_RANGE_LOOP_ANALYSIS = YES;
				CLANG_WARN_STRICT_PROTOTYPES = YES;
				CLANG_WARN_SUSPICIOUS_MOVE = YES;
				CLANG_WARN_UNGUARDED_AVAILABILITY = YES_AGGRESSIVE;
				CLANG_WARN_UNREACHABLE_CODE = YES;
				CLANG_WARN__DUPLICATE_METHOD_MATCH = YES;
				COPY_PHASE_STRIP = NO;
				DEBUG_INFORMATION_FORMAT = dwarf;
				ENABLE_STRICT_OBJC_MSGSEND = YES;
				ENABLE_TESTABILITY = YES;
				GCC_C_LANGUAGE_STANDARD = gnu11;
				GCC_DYNAMIC_NO_PIC = NO;
				GCC_NO_COMMON_BLOCKS = YES;
				GCC_OPTIMIZATION_LEVEL = 0;
				GCC_PREPROCESSOR_DEFINITIONS = (
					"DEBUG=1",
					"$(inherited)",
				);
				GCC_WARN_64_TO_32_BIT_CONVERSION = YES;
				GCC_WARN_ABOUT_RETURN_TYPE = YES_ERROR;
				GCC_WARN_UNDECLARED_SELECTOR = YES;
				GCC_WARN_UNINITIALIZED_AUTOS = YES_AGGRESSIVE;
				GCC_WARN_UNUSED_FUNCTION = YES;
				GCC_WARN_UNUSED_VARIABLE = YES;
				IPHONEOS_DEPLOYMENT_TARGET = 16.1;
				MTL_ENABLE_DEBUG_INFO = INCLUDE_SOURCE;
				MTL_FAST_MATH = YES;
				ONLY_ACTIVE_ARCH = YES;
				SDKROOT = iphoneos;
				SWIFT_ACTIVE_COMPILATION_CONDITIONS = DEBUG;
				SWIFT_OPTIMIZATION_LEVEL = "-Onone";
			};
			name = Debug;
		};
		854A21DD29D3FC5600B17653 /* Release */ = {
			isa = XCBuildConfiguration;
			buildSettings = {
				ALWAYS_SEARCH_USER_PATHS = NO;
				CLANG_ANALYZER_NONNULL = YES;
				CLANG_ANALYZER_NUMBER_OBJECT_CONVERSION = YES_AGGRESSIVE;
				CLANG_CXX_LANGUAGE_STANDARD = "gnu++20";
				CLANG_ENABLE_MODULES = YES;
				CLANG_ENABLE_OBJC_ARC = YES;
				CLANG_ENABLE_OBJC_WEAK = YES;
				CLANG_WARN_BLOCK_CAPTURE_AUTORELEASING = YES;
				CLANG_WARN_BOOL_CONVERSION = YES;
				CLANG_WARN_COMMA = YES;
				CLANG_WARN_CONSTANT_CONVERSION = YES;
				CLANG_WARN_DEPRECATED_OBJC_IMPLEMENTATIONS = YES;
				CLANG_WARN_DIRECT_OBJC_ISA_USAGE = YES_ERROR;
				CLANG_WARN_DOCUMENTATION_COMMENTS = YES;
				CLANG_WARN_EMPTY_BODY = YES;
				CLANG_WARN_ENUM_CONVERSION = YES;
				CLANG_WARN_INFINITE_RECURSION = YES;
				CLANG_WARN_INT_CONVERSION = YES;
				CLANG_WARN_NON_LITERAL_NULL_CONVERSION = YES;
				CLANG_WARN_OBJC_IMPLICIT_RETAIN_SELF = YES;
				CLANG_WARN_OBJC_LITERAL_CONVERSION = YES;
				CLANG_WARN_OBJC_ROOT_CLASS = YES_ERROR;
				CLANG_WARN_QUOTED_INCLUDE_IN_FRAMEWORK_HEADER = YES;
				CLANG_WARN_RANGE_LOOP_ANALYSIS = YES;
				CLANG_WARN_STRICT_PROTOTYPES = YES;
				CLANG_WARN_SUSPICIOUS_MOVE = YES;
				CLANG_WARN_UNGUARDED_AVAILABILITY = YES_AGGRESSIVE;
				CLANG_WARN_UNREACHABLE_CODE = YES;
				CLANG_WARN__DUPLICATE_METHOD_MATCH = YES;
				COPY_PHASE_STRIP = NO;
				DEBUG_INFORMATION_FORMAT = "dwarf-with-dsym";
				ENABLE_NS_ASSERTIONS = NO;
				ENABLE_STRICT_OBJC_MSGSEND = YES;
				GCC_C_LANGUAGE_STANDARD = gnu11;
				GCC_NO_COMMON_BLOCKS = YES;
				GCC_WARN_64_TO_32_BIT_CONVERSION = YES;
				GCC_WARN_ABOUT_RETURN_TYPE = YES_ERROR;
				GCC_WARN_UNDECLARED_SELECTOR = YES;
				GCC_WARN_UNINITIALIZED_AUTOS = YES_AGGRESSIVE;
				GCC_WARN_UNUSED_FUNCTION = YES;
				GCC_WARN_UNUSED_VARIABLE = YES;
				IPHONEOS_DEPLOYMENT_TARGET = 16.1;
				MTL_ENABLE_DEBUG_INFO = NO;
				MTL_FAST_MATH = YES;
				SDKROOT = iphoneos;
				SWIFT_COMPILATION_MODE = wholemodule;
				SWIFT_OPTIMIZATION_LEVEL = "-O";
				VALIDATE_PRODUCT = YES;
			};
			name = Release;
		};
		854A21DF29D3FC5600B17653 /* Debug */ = {
			isa = XCBuildConfiguration;
			buildSettings = {
				ASSETCATALOG_COMPILER_APPICON_NAME = AppIcon;
				ASSETCATALOG_COMPILER_GLOBAL_ACCENT_COLOR_NAME = AccentColor;
				CODE_SIGN_STYLE = Automatic;
				CURRENT_PROJECT_VERSION = 1;
				DEVELOPMENT_TEAM = LQH55VZR78;
				GENERATE_INFOPLIST_FILE = YES;
				INFOPLIST_FILE = SupermarketListApp/Info.plist;
				INFOPLIST_KEY_UIApplicationSupportsIndirectInputEvents = YES;
				INFOPLIST_KEY_UILaunchStoryboardName = LaunchScreen;
				INFOPLIST_KEY_UISupportedInterfaceOrientations_iPad = "UIInterfaceOrientationPortrait UIInterfaceOrientationPortraitUpsideDown UIInterfaceOrientationLandscapeLeft UIInterfaceOrientationLandscapeRight";
				INFOPLIST_KEY_UISupportedInterfaceOrientations_iPhone = "UIInterfaceOrientationPortrait UIInterfaceOrientationLandscapeLeft UIInterfaceOrientationLandscapeRight";
				IPHONEOS_DEPLOYMENT_TARGET = 13.0;
				LD_RUNPATH_SEARCH_PATHS = (
					"$(inherited)",
					"@executable_path/Frameworks",
				);
				MARKETING_VERSION = 1.0;
				PRODUCT_BUNDLE_IDENTIFIER = com.project.supermarketlist;
				PRODUCT_NAME = "$(TARGET_NAME)";
				SWIFT_EMIT_LOC_STRINGS = YES;
				SWIFT_VERSION = 5.0;
				TARGETED_DEVICE_FAMILY = "1,2";
			};
			name = Debug;
		};
		854A21E029D3FC5600B17653 /* Release */ = {
			isa = XCBuildConfiguration;
			buildSettings = {
				ASSETCATALOG_COMPILER_APPICON_NAME = AppIcon;
				ASSETCATALOG_COMPILER_GLOBAL_ACCENT_COLOR_NAME = AccentColor;
				CODE_SIGN_STYLE = Automatic;
				CURRENT_PROJECT_VERSION = 1;
				DEVELOPMENT_TEAM = LQH55VZR78;
				GENERATE_INFOPLIST_FILE = YES;
				INFOPLIST_FILE = SupermarketListApp/Info.plist;
				INFOPLIST_KEY_UIApplicationSupportsIndirectInputEvents = YES;
				INFOPLIST_KEY_UILaunchStoryboardName = LaunchScreen;
				INFOPLIST_KEY_UISupportedInterfaceOrientations_iPad = "UIInterfaceOrientationPortrait UIInterfaceOrientationPortraitUpsideDown UIInterfaceOrientationLandscapeLeft UIInterfaceOrientationLandscapeRight";
				INFOPLIST_KEY_UISupportedInterfaceOrientations_iPhone = "UIInterfaceOrientationPortrait UIInterfaceOrientationLandscapeLeft UIInterfaceOrientationLandscapeRight";
				IPHONEOS_DEPLOYMENT_TARGET = 13.0;
				LD_RUNPATH_SEARCH_PATHS = (
					"$(inherited)",
					"@executable_path/Frameworks",
				);
				MARKETING_VERSION = 1.0;
				PRODUCT_BUNDLE_IDENTIFIER = com.project.supermarketlist;
				PRODUCT_NAME = "$(TARGET_NAME)";
				SWIFT_EMIT_LOC_STRINGS = YES;
				SWIFT_VERSION = 5.0;
				TARGETED_DEVICE_FAMILY = "1,2";
			};
			name = Release;
		};
		854A21E229D3FC5600B17653 /* Debug */ = {
			isa = XCBuildConfiguration;
			buildSettings = {
				ALWAYS_EMBED_SWIFT_STANDARD_LIBRARIES = YES;
				BUNDLE_LOADER = "$(TEST_HOST)";
				CODE_SIGN_STYLE = Automatic;
				CURRENT_PROJECT_VERSION = 1;
				DEVELOPMENT_TEAM = LQH55VZR78;
				GENERATE_INFOPLIST_FILE = YES;
				IPHONEOS_DEPLOYMENT_TARGET = 16.1;
				MARKETING_VERSION = 1.0;
				PRODUCT_BUNDLE_IDENTIFIER = com.project.supermarketlist.SupermarketListAppTests;
				PRODUCT_NAME = "$(TARGET_NAME)";
				SWIFT_EMIT_LOC_STRINGS = NO;
				SWIFT_VERSION = 5.0;
				TARGETED_DEVICE_FAMILY = "1,2";
				TEST_HOST = "$(BUILT_PRODUCTS_DIR)/SupermarketListApp.app/$(BUNDLE_EXECUTABLE_FOLDER_PATH)/SupermarketListApp";
			};
			name = Debug;
		};
		854A21E329D3FC5600B17653 /* Release */ = {
			isa = XCBuildConfiguration;
			buildSettings = {
				ALWAYS_EMBED_SWIFT_STANDARD_LIBRARIES = YES;
				BUNDLE_LOADER = "$(TEST_HOST)";
				CODE_SIGN_STYLE = Automatic;
				CURRENT_PROJECT_VERSION = 1;
				DEVELOPMENT_TEAM = LQH55VZR78;
				GENERATE_INFOPLIST_FILE = YES;
				IPHONEOS_DEPLOYMENT_TARGET = 16.1;
				MARKETING_VERSION = 1.0;
				PRODUCT_BUNDLE_IDENTIFIER = com.project.supermarketlist.SupermarketListAppTests;
				PRODUCT_NAME = "$(TARGET_NAME)";
				SWIFT_EMIT_LOC_STRINGS = NO;
				SWIFT_VERSION = 5.0;
				TARGETED_DEVICE_FAMILY = "1,2";
				TEST_HOST = "$(BUILT_PRODUCTS_DIR)/SupermarketListApp.app/$(BUNDLE_EXECUTABLE_FOLDER_PATH)/SupermarketListApp";
			};
			name = Release;
		};
		854A21E529D3FC5600B17653 /* Debug */ = {
			isa = XCBuildConfiguration;
			buildSettings = {
				ALWAYS_EMBED_SWIFT_STANDARD_LIBRARIES = YES;
				CODE_SIGN_STYLE = Automatic;
				CURRENT_PROJECT_VERSION = 1;
				DEVELOPMENT_TEAM = LQH55VZR78;
				GENERATE_INFOPLIST_FILE = YES;
				MARKETING_VERSION = 1.0;
				PRODUCT_BUNDLE_IDENTIFIER = com.project.supermarketlist.SupermarketListAppUITests;
				PRODUCT_NAME = "$(TARGET_NAME)";
				SWIFT_EMIT_LOC_STRINGS = NO;
				SWIFT_VERSION = 5.0;
				TARGETED_DEVICE_FAMILY = "1,2";
				TEST_TARGET_NAME = SupermarketListApp;
			};
			name = Debug;
		};
		854A21E629D3FC5600B17653 /* Release */ = {
			isa = XCBuildConfiguration;
			buildSettings = {
				ALWAYS_EMBED_SWIFT_STANDARD_LIBRARIES = YES;
				CODE_SIGN_STYLE = Automatic;
				CURRENT_PROJECT_VERSION = 1;
				DEVELOPMENT_TEAM = LQH55VZR78;
				GENERATE_INFOPLIST_FILE = YES;
				MARKETING_VERSION = 1.0;
				PRODUCT_BUNDLE_IDENTIFIER = com.project.supermarketlist.SupermarketListAppUITests;
				PRODUCT_NAME = "$(TARGET_NAME)";
				SWIFT_EMIT_LOC_STRINGS = NO;
				SWIFT_VERSION = 5.0;
				TARGETED_DEVICE_FAMILY = "1,2";
				TEST_TARGET_NAME = SupermarketListApp;
			};
			name = Release;
		};
/* End XCBuildConfiguration section */

/* Begin XCConfigurationList section */
		854A21AC29D3FC5400B17653 /* Build configuration list for PBXProject "SuperMarketListApp" */ = {
			isa = XCConfigurationList;
			buildConfigurations = (
				854A21DC29D3FC5600B17653 /* Debug */,
				854A21DD29D3FC5600B17653 /* Release */,
			);
			defaultConfigurationIsVisible = 0;
			defaultConfigurationName = Release;
		};
		854A21DE29D3FC5600B17653 /* Build configuration list for PBXNativeTarget "SupermarketListApp" */ = {
			isa = XCConfigurationList;
			buildConfigurations = (
				854A21DF29D3FC5600B17653 /* Debug */,
				854A21E029D3FC5600B17653 /* Release */,
			);
			defaultConfigurationIsVisible = 0;
			defaultConfigurationName = Release;
		};
		854A21E129D3FC5600B17653 /* Build configuration list for PBXNativeTarget "SupermarketListAppTests" */ = {
			isa = XCConfigurationList;
			buildConfigurations = (
				854A21E229D3FC5600B17653 /* Debug */,
				854A21E329D3FC5600B17653 /* Release */,
			);
			defaultConfigurationIsVisible = 0;
			defaultConfigurationName = Release;
		};
		854A21E429D3FC5600B17653 /* Build configuration list for PBXNativeTarget "SupermarketListAppUITests" */ = {
			isa = XCConfigurationList;
			buildConfigurations = (
				854A21E529D3FC5600B17653 /* Debug */,
				854A21E629D3FC5600B17653 /* Release */,
			);
			defaultConfigurationIsVisible = 0;
			defaultConfigurationName = Release;
		};
/* End XCConfigurationList section */

/* Begin XCVersionGroup section */
		854A21BD29D3FC5400B17653 /* SupermarketListApp.xcdatamodeld */ = {
			isa = XCVersionGroup;
			children = (
				854A21BE29D3FC5400B17653 /* SupermarketListApp.xcdatamodel */,
			);
			currentVersion = 854A21BE29D3FC5400B17653 /* SupermarketListApp.xcdatamodel */;
			path = SupermarketListApp.xcdatamodeld;
			sourceTree = "<group>";
			versionGroupType = wrapper.xcdatamodel;
		};
/* End XCVersionGroup section */
	};
	rootObject = 854A21A929D3FC5400B17653 /* Project object */;
}
